
Microsoft Visual Studio Solution File, Format Version 12.00
# Visual Studio 15
VisualStudioVersion = 15.0.28307.168
MinimumVisualStudioVersion = 10.0.40219.1
Project("{FAE04EC0-301F-11D3-BF4B-00C04F79EFBC}") = "RedditPostEdit", "RedditPostEdit\RedditPostEdit.csproj", "{19493F2F-49F9-43A1-82D3-18CBD6C8F26C}"
EndProject
Global
	GlobalSection(SolutionConfigurationPlatforms) = preSolution
		Debug|Any CPU = Debug|Any CPU
		Release|Any CPU = Release|Any CPU
	EndGlobalSection
	GlobalSection(ProjectConfigurationPlatforms) = postSolution
		{19493F2F-49F9-43A1-82D3-18CBD6C8F26C}.Debug|Any CPU.ActiveCfg = Debug|Any CPU
		{19493F2F-49F9-43A1-82D3-18CBD6C8F26C}.Debug|Any CPU.Build.0 = Debug|Any CPU
		{19493F2F-49F9-43A1-82D3-18CBD6C8F26C}.Release|Any CPU.ActiveCfg = Release|Any CPU
		{19493F2F-49F9-43A1-82D3-18CBD6C8F26C}.Release|Any CPU.Build.0 = Release|Any CPU
	EndGlobalSection
	GlobalSection(SolutionProperties) = preSolution
		HideSolutionNode = FALSE
	EndGlobalSection
	GlobalSection(ExtensibilityGlobals) = postSolution
		SolutionGuid = {6D062D5C-D12C-4815-A774-0DA4A8BE9786}
	EndGlobalSection
EndGlobal
